
Microsoft Visual Studio Solution File, Format Version 12.00
# Visual Studio 2013
VisualStudioVersion = 12.0.40629.0
MinimumVisualStudioVersion = 10.0.40219.1
Project("{FAE04EC0-301F-11D3-BF4B-00C04F79EFBC}") = "IrisContabilidadModelo", "IrisContabilidadModelo\IrisContabilidadModelo.csproj", "{585D0DC1-C6A1-4D88-B74D-B91D0E7F5C78}"
EndProject
Project("{FAE04EC0-301F-11D3-BF4B-00C04F79EFBC}") = "IrisContabilidad", "IrisContabilidad\IrisContabilidad.csproj", "{19334FF1-9E72-4E79-8350-68E5AB3EA64D}"
EndProject
Global
	GlobalSection(SolutionConfigurationPlatforms) = preSolution
		Debug|Any CPU = Debug|Any CPU
		Release|Any CPU = Release|Any CPU
	EndGlobalSection
	GlobalSection(ProjectConfigurationPlatforms) = postSolution
		{585D0DC1-C6A1-4D88-B74D-B91D0E7F5C78}.Debug|Any CPU.ActiveCfg = Debug|Any CPU
		{585D0DC1-C6A1-4D88-B74D-B91D0E7F5C78}.Debug|Any CPU.Build.0 = Debug|Any CPU
		{585D0DC1-C6A1-4D88-B74D-B91D0E7F5C78}.Release|Any CPU.ActiveCfg = Release|Any CPU
		{585D0DC1-C6A1-4D88-B74D-B91D0E7F5C78}.Release|Any CPU.Build.0 = Release|Any CPU
		{19334FF1-9E72-4E79-8350-68E5AB3EA64D}.Debug|Any CPU.ActiveCfg = Debug|Any CPU
		{19334FF1-9E72-4E79-8350-68E5AB3EA64D}.Debug|Any CPU.Build.0 = Debug|Any CPU
		{19334FF1-9E72-4E79-8350-68E5AB3EA64D}.Release|Any CPU.ActiveCfg = Release|Any CPU
		{19334FF1-9E72-4E79-8350-68E5AB3EA64D}.Release|Any CPU.Build.0 = Release|Any CPU
	EndGlobalSection
	GlobalSection(SolutionProperties) = preSolution
		HideSolutionNode = FALSE
	EndGlobalSection
EndGlobal
